
Microsoft Visual Studio Solution File, Format Version 12.00
# Visual Studio Version 16
VisualStudioVersion = 16.0.30114.105
MinimumVisualStudioVersion = 10.0.40219.1
Project("{FAE04EC0-301F-11D3-BF4B-00C04F79EFBC}") = "EmailBot", "EmailBot\EmailBot.csproj", "{AA044824-4D0E-42D5-8DAA-2E4EE32C6334}"
EndProject
Global
	GlobalSection(SolutionConfigurationPlatforms) = preSolution
		Debug|Any CPU = Debug|Any CPU
		Release|Any CPU = Release|Any CPU
	EndGlobalSection
	GlobalSection(ProjectConfigurationPlatforms) = postSolution
		{AA044824-4D0E-42D5-8DAA-2E4EE32C6334}.Debug|Any CPU.ActiveCfg = Debug|Any CPU
		{AA044824-4D0E-42D5-8DAA-2E4EE32C6334}.Debug|Any CPU.Build.0 = Debug|Any CPU
		{AA044824-4D0E-42D5-8DAA-2E4EE32C6334}.Release|Any CPU.ActiveCfg = Release|Any CPU
		{AA044824-4D0E-42D5-8DAA-2E4EE32C6334}.Release|Any CPU.Build.0 = Release|Any CPU
	EndGlobalSection
	GlobalSection(SolutionProperties) = preSolution
		HideSolutionNode = FALSE
	EndGlobalSection
	GlobalSection(ExtensibilityGlobals) = postSolution
		SolutionGuid = {F21FF2BC-0048-48B4-9469-24967854F231}
	EndGlobalSection
EndGlobal
